
Microsoft Visual Studio Solution File, Format Version 12.00
# Visual Studio Version 17
VisualStudioVersion = 17.7.34024.191
MinimumVisualStudioVersion = 10.0.40219.1
Project("{9A19103F-16F7-4668-BE54-9A1E7A4F7556}") = "OvercookedPatience", "OvercookedPatience\OvercookedPatience.csproj", "{30E7D087-8412-473A-A880-94DBE544ED2A}"
EndProject
Global
	GlobalSection(SolutionConfigurationPlatforms) = preSolution
		Debug|Any CPU = Debug|Any CPU
		Release|Any CPU = Release|Any CPU
	EndGlobalSection
	GlobalSection(ProjectConfigurationPlatforms) = postSolution
		{30E7D087-8412-473A-A880-94DBE544ED2A}.Debug|Any CPU.ActiveCfg = Debug|Any CPU
		{30E7D087-8412-473A-A880-94DBE544ED2A}.Debug|Any CPU.Build.0 = Debug|Any CPU
		{30E7D087-8412-473A-A880-94DBE544ED2A}.Release|Any CPU.ActiveCfg = Release|Any CPU
		{30E7D087-8412-473A-A880-94DBE544ED2A}.Release|Any CPU.Build.0 = Release|Any CPU
	EndGlobalSection
	GlobalSection(SolutionProperties) = preSolution
		HideSolutionNode = FALSE
	EndGlobalSection
	GlobalSection(ExtensibilityGlobals) = postSolution
		SolutionGuid = {CF91DA3C-7D33-4CEE-ABD3-18DFC00FDC1C}
	EndGlobalSection
EndGlobal
